
Microsoft Visual Studio Solution File, Format Version 12.00
Project("{FAE04EC0-301F-11D3-BF4B-00C04F79EFBC}") = "UserControlTest.App", "UserControlTest.App\UserControlTest.App.csproj", "{8908C518-4613-4ED6-A68A-C7D99A3250D6}"
EndProject
Project("{FAE04EC0-301F-11D3-BF4B-00C04F79EFBC}") = "UserControlTest.WPF_Lib", "UserControlTest.WPF_Lib\UserControlTest.WPF_Lib.csproj", "{7B3E6C36-19E1-42FC-BEFC-40E92882D34C}"
EndProject
Global
	GlobalSection(SolutionConfigurationPlatforms) = preSolution
		Debug|Any CPU = Debug|Any CPU
		Release|Any CPU = Release|Any CPU
	EndGlobalSection
	GlobalSection(ProjectConfigurationPlatforms) = postSolution
		{8908C518-4613-4ED6-A68A-C7D99A3250D6}.Debug|Any CPU.ActiveCfg = Debug|Any CPU
		{8908C518-4613-4ED6-A68A-C7D99A3250D6}.Debug|Any CPU.Build.0 = Debug|Any CPU
		{8908C518-4613-4ED6-A68A-C7D99A3250D6}.Release|Any CPU.ActiveCfg = Release|Any CPU
		{8908C518-4613-4ED6-A68A-C7D99A3250D6}.Release|Any CPU.Build.0 = Release|Any CPU
		{7B3E6C36-19E1-42FC-BEFC-40E92882D34C}.Debug|Any CPU.ActiveCfg = Debug|Any CPU
		{7B3E6C36-19E1-42FC-BEFC-40E92882D34C}.Debug|Any CPU.Build.0 = Debug|Any CPU
		{7B3E6C36-19E1-42FC-BEFC-40E92882D34C}.Release|Any CPU.ActiveCfg = Release|Any CPU
		{7B3E6C36-19E1-42FC-BEFC-40E92882D34C}.Release|Any CPU.Build.0 = Release|Any CPU
	EndGlobalSection
EndGlobal
